
Microsoft Visual Studio Solution File, Format Version 12.00
# Visual Studio Version 16
VisualStudioVersion = 16.0.30907.101
MinimumVisualStudioVersion = 10.0.40219.1
Project("{FAE04EC0-301F-11D3-BF4B-00C04F79EFBC}") = "BagetShop", "BagetShop.csproj", "{0D228075-30A7-45AE-994F-1F06A3831C0F}"
EndProject
Project("{FAE04EC0-301F-11D3-BF4B-00C04F79EFBC}") = "WpfBaget", "..\WpfBaget\WpfBaget.csproj", "{3BD9291D-312A-4F30-90FA-95E046EE9205}"
EndProject
Global
	GlobalSection(SolutionConfigurationPlatforms) = preSolution
		Debug|Any CPU = Debug|Any CPU
		Release|Any CPU = Release|Any CPU
	EndGlobalSection
	GlobalSection(ProjectConfigurationPlatforms) = postSolution
		{0D228075-30A7-45AE-994F-1F06A3831C0F}.Debug|Any CPU.ActiveCfg = Debug|Any CPU
		{0D228075-30A7-45AE-994F-1F06A3831C0F}.Debug|Any CPU.Build.0 = Debug|Any CPU
		{0D228075-30A7-45AE-994F-1F06A3831C0F}.Release|Any CPU.ActiveCfg = Release|Any CPU
		{0D228075-30A7-45AE-994F-1F06A3831C0F}.Release|Any CPU.Build.0 = Release|Any CPU
		{3BD9291D-312A-4F30-90FA-95E046EE9205}.Debug|Any CPU.ActiveCfg = Debug|Any CPU
		{3BD9291D-312A-4F30-90FA-95E046EE9205}.Debug|Any CPU.Build.0 = Debug|Any CPU
		{3BD9291D-312A-4F30-90FA-95E046EE9205}.Release|Any CPU.ActiveCfg = Release|Any CPU
		{3BD9291D-312A-4F30-90FA-95E046EE9205}.Release|Any CPU.Build.0 = Release|Any CPU
	EndGlobalSection
	GlobalSection(SolutionProperties) = preSolution
		HideSolutionNode = FALSE
	EndGlobalSection
	GlobalSection(ExtensibilityGlobals) = postSolution
		SolutionGuid = {188C42FD-AC61-4259-89B3-A98EBD641BFB}
	EndGlobalSection
EndGlobal
