
Microsoft Visual Studio Solution File, Format Version 12.00
# Visual Studio Version 16
VisualStudioVersion = 16.0.30907.101
MinimumVisualStudioVersion = 10.0.40219.1
Project("{FAE04EC0-301F-11D3-BF4B-00C04F79EFBC}") = "BagetShop_OLD", "BagetShop_OLD.csproj", "{0D228075-30A7-45AE-994F-1F06A3831C0F}"
EndProject
Project("{FAE04EC0-301F-11D3-BF4B-00C04F79EFBC}") = "DAL", "..\DAL\DAL.csproj", "{11643746-FA3E-4F9F-A073-88EDD1ACA36C}"
EndProject
Project("{FAE04EC0-301F-11D3-BF4B-00C04F79EFBC}") = "BLL", "..\BLL\BLL.csproj", "{FD480BCE-4081-4AB1-9B9B-0962E8479283}"
EndProject
Project("{FAE04EC0-301F-11D3-BF4B-00C04F79EFBC}") = "ConsoleBaget", "..\ConsoleBaget\ConsoleBaget.csproj", "{3D8504B9-4A6B-4BD1-9B48-21113E7D5774}"
EndProject
Project("{FAE04EC0-301F-11D3-BF4B-00C04F79EFBC}") = "WPF_Baget", "..\WPF_Baget\WPF_Baget.csproj", "{6323279E-9150-4A38-A244-23C763E3031E}"
EndProject
Global
	GlobalSection(SolutionConfigurationPlatforms) = preSolution
		Debug|Any CPU = Debug|Any CPU
		Release|Any CPU = Release|Any CPU
	EndGlobalSection
	GlobalSection(ProjectConfigurationPlatforms) = postSolution
		{0D228075-30A7-45AE-994F-1F06A3831C0F}.Debug|Any CPU.ActiveCfg = Debug|Any CPU
		{0D228075-30A7-45AE-994F-1F06A3831C0F}.Debug|Any CPU.Build.0 = Debug|Any CPU
		{0D228075-30A7-45AE-994F-1F06A3831C0F}.Release|Any CPU.ActiveCfg = Release|Any CPU
		{0D228075-30A7-45AE-994F-1F06A3831C0F}.Release|Any CPU.Build.0 = Release|Any CPU
		{11643746-FA3E-4F9F-A073-88EDD1ACA36C}.Debug|Any CPU.ActiveCfg = Debug|Any CPU
		{11643746-FA3E-4F9F-A073-88EDD1ACA36C}.Debug|Any CPU.Build.0 = Debug|Any CPU
		{11643746-FA3E-4F9F-A073-88EDD1ACA36C}.Release|Any CPU.ActiveCfg = Release|Any CPU
		{11643746-FA3E-4F9F-A073-88EDD1ACA36C}.Release|Any CPU.Build.0 = Release|Any CPU
		{FD480BCE-4081-4AB1-9B9B-0962E8479283}.Debug|Any CPU.ActiveCfg = Debug|Any CPU
		{FD480BCE-4081-4AB1-9B9B-0962E8479283}.Debug|Any CPU.Build.0 = Debug|Any CPU
		{FD480BCE-4081-4AB1-9B9B-0962E8479283}.Release|Any CPU.ActiveCfg = Release|Any CPU
		{FD480BCE-4081-4AB1-9B9B-0962E8479283}.Release|Any CPU.Build.0 = Release|Any CPU
		{3D8504B9-4A6B-4BD1-9B48-21113E7D5774}.Debug|Any CPU.ActiveCfg = Debug|Any CPU
		{3D8504B9-4A6B-4BD1-9B48-21113E7D5774}.Debug|Any CPU.Build.0 = Debug|Any CPU
		{3D8504B9-4A6B-4BD1-9B48-21113E7D5774}.Release|Any CPU.ActiveCfg = Release|Any CPU
		{3D8504B9-4A6B-4BD1-9B48-21113E7D5774}.Release|Any CPU.Build.0 = Release|Any CPU
		{6323279E-9150-4A38-A244-23C763E3031E}.Debug|Any CPU.ActiveCfg = Debug|Any CPU
		{6323279E-9150-4A38-A244-23C763E3031E}.Debug|Any CPU.Build.0 = Debug|Any CPU
		{6323279E-9150-4A38-A244-23C763E3031E}.Release|Any CPU.ActiveCfg = Release|Any CPU
		{6323279E-9150-4A38-A244-23C763E3031E}.Release|Any CPU.Build.0 = Release|Any CPU
	EndGlobalSection
	GlobalSection(SolutionProperties) = preSolution
		HideSolutionNode = FALSE
	EndGlobalSection
	GlobalSection(ExtensibilityGlobals) = postSolution
		SolutionGuid = {188C42FD-AC61-4259-89B3-A98EBD641BFB}
	EndGlobalSection
EndGlobal
